
Microsoft Visual Studio Solution File, Format Version 11.00
# Visual Studio 10
Project("{FAE04EC0-301F-11D3-BF4B-00C04F79EFBC}") = "FloatingHorizon", "FloatingHorizon\FloatingHorizon.csproj", "{DC13155D-701B-473E-9D07-518FC835A321}"
EndProject
Global
	GlobalSection(SolutionConfigurationPlatforms) = preSolution
		Debug|Any CPU = Debug|Any CPU
		Release|Any CPU = Release|Any CPU
	EndGlobalSection
	GlobalSection(ProjectConfigurationPlatforms) = postSolution
		{DC13155D-701B-473E-9D07-518FC835A321}.Debug|Any CPU.ActiveCfg = Debug|Any CPU
		{DC13155D-701B-473E-9D07-518FC835A321}.Debug|Any CPU.Build.0 = Debug|Any CPU
		{DC13155D-701B-473E-9D07-518FC835A321}.Release|Any CPU.ActiveCfg = Release|Any CPU
		{DC13155D-701B-473E-9D07-518FC835A321}.Release|Any CPU.Build.0 = Release|Any CPU
	EndGlobalSection
	GlobalSection(SolutionProperties) = preSolution
		HideSolutionNode = FALSE
	EndGlobalSection
EndGlobal
