
Microsoft Visual Studio Solution File, Format Version 12.00
# Visual Studio Version 17
VisualStudioVersion = 17.3.32922.545
MinimumVisualStudioVersion = 10.0.40219.1
Project("{FAE04EC0-301F-11D3-BF4B-00C04F79EFBC}") = "Bezier_2", "Bezier_2\Bezier_2.csproj", "{23F0AEEA-3533-40A4-BA23-9B8965981806}"
EndProject
Global
	GlobalSection(SolutionConfigurationPlatforms) = preSolution
		Debug|Any CPU = Debug|Any CPU
		Release|Any CPU = Release|Any CPU
	EndGlobalSection
	GlobalSection(ProjectConfigurationPlatforms) = postSolution
		{23F0AEEA-3533-40A4-BA23-9B8965981806}.Debug|Any CPU.ActiveCfg = Debug|Any CPU
		{23F0AEEA-3533-40A4-BA23-9B8965981806}.Debug|Any CPU.Build.0 = Debug|Any CPU
		{23F0AEEA-3533-40A4-BA23-9B8965981806}.Release|Any CPU.ActiveCfg = Release|Any CPU
		{23F0AEEA-3533-40A4-BA23-9B8965981806}.Release|Any CPU.Build.0 = Release|Any CPU
	EndGlobalSection
	GlobalSection(SolutionProperties) = preSolution
		HideSolutionNode = FALSE
	EndGlobalSection
	GlobalSection(ExtensibilityGlobals) = postSolution
		SolutionGuid = {D64FC4AD-4106-4A4E-AF80-5CF5F8DE79E2}
	EndGlobalSection
EndGlobal
